
Microsoft Visual Studio Solution File, Format Version 12.00
# Visual Studio Version 16
VisualStudioVersion = 16.0.34114.132
MinimumVisualStudioVersion = 10.0.40219.1
Project("{FAE04EC0-301F-11D3-BF4B-00C04F79EFBC}") = "TwentyOne", "TwentyOne.csproj", "{C6D85204-3683-4CED-B879-3A41EE3F111D}"
EndProject
Project("{FAE04EC0-301F-11D3-BF4B-00C04F79EFBC}") = "Casino", "..\Casino\Casino.csproj", "{2BF4DAC4-6931-41E4-8018-C7EBA52A4C60}"
EndProject
Global
	GlobalSection(SolutionConfigurationPlatforms) = preSolution
		Debug|Any CPU = Debug|Any CPU
		Release|Any CPU = Release|Any CPU
	EndGlobalSection
	GlobalSection(ProjectConfigurationPlatforms) = postSolution
		{C6D85204-3683-4CED-B879-3A41EE3F111D}.Debug|Any CPU.ActiveCfg = Debug|Any CPU
		{C6D85204-3683-4CED-B879-3A41EE3F111D}.Debug|Any CPU.Build.0 = Debug|Any CPU
		{C6D85204-3683-4CED-B879-3A41EE3F111D}.Release|Any CPU.ActiveCfg = Release|Any CPU
		{C6D85204-3683-4CED-B879-3A41EE3F111D}.Release|Any CPU.Build.0 = Release|Any CPU
		{2BF4DAC4-6931-41E4-8018-C7EBA52A4C60}.Debug|Any CPU.ActiveCfg = Debug|Any CPU
		{2BF4DAC4-6931-41E4-8018-C7EBA52A4C60}.Debug|Any CPU.Build.0 = Debug|Any CPU
		{2BF4DAC4-6931-41E4-8018-C7EBA52A4C60}.Release|Any CPU.ActiveCfg = Release|Any CPU
		{2BF4DAC4-6931-41E4-8018-C7EBA52A4C60}.Release|Any CPU.Build.0 = Release|Any CPU
	EndGlobalSection
	GlobalSection(SolutionProperties) = preSolution
		HideSolutionNode = FALSE
	EndGlobalSection
	GlobalSection(ExtensibilityGlobals) = postSolution
		SolutionGuid = {A71CE919-4C05-4B55-A071-7D8F28392705}
	EndGlobalSection
EndGlobal
