
Microsoft Visual Studio Solution File, Format Version 12.00
# Visual Studio Version 16
VisualStudioVersion = 16.0.34114.132
MinimumVisualStudioVersion = 10.0.40219.1
Project("{FAE04EC0-301F-11D3-BF4B-00C04F79EFBC}") = "Daily Report Assignment", "Daily Report Assignment.csproj", "{2AA12E62-311E-4D7E-94A8-D8BC7D5F148D}"
EndProject
Global
	GlobalSection(SolutionConfigurationPlatforms) = preSolution
		Debug|Any CPU = Debug|Any CPU
		Release|Any CPU = Release|Any CPU
	EndGlobalSection
	GlobalSection(ProjectConfigurationPlatforms) = postSolution
		{2AA12E62-311E-4D7E-94A8-D8BC7D5F148D}.Debug|Any CPU.ActiveCfg = Debug|Any CPU
		{2AA12E62-311E-4D7E-94A8-D8BC7D5F148D}.Debug|Any CPU.Build.0 = Debug|Any CPU
		{2AA12E62-311E-4D7E-94A8-D8BC7D5F148D}.Release|Any CPU.ActiveCfg = Release|Any CPU
		{2AA12E62-311E-4D7E-94A8-D8BC7D5F148D}.Release|Any CPU.Build.0 = Release|Any CPU
	EndGlobalSection
	GlobalSection(SolutionProperties) = preSolution
		HideSolutionNode = FALSE
	EndGlobalSection
	GlobalSection(ExtensibilityGlobals) = postSolution
		SolutionGuid = {7BC16CF1-B753-45B8-B510-171626E9950E}
	EndGlobalSection
EndGlobal
